// !$*UTF8*$!
{
	archiveVersion = 1;
	classes = {
	};
	objectVersion = 50;
	objects = {

/* Begin PBXBuildFile section */
		BF051A9F2160D314002970E9 /* CRTools.framework in Frameworks */ = {isa = PBXBuildFile; fileRef = BF051A952160D314002970E9 /* CRTools.framework */; };
		BF051AA42160D314002970E9 /* CRToolsTests.swift in Sources */ = {isa = PBXBuildFile; fileRef = BF051AA32160D314002970E9 /* CRToolsTests.swift */; };
		BF051AA62160D314002970E9 /* CRTools.h in Headers */ = {isa = PBXBuildFile; fileRef = BF051A982160D314002970E9 /* CRTools.h */; settings = {ATTRIBUTES = (Public, ); }; };
		BF051ABF2160D32E002970E9 /* UIKit+Extension.swift in Sources */ = {isa = PBXBuildFile; fileRef = BF051AB02160D32E002970E9 /* UIKit+Extension.swift */; };
		BF051AC02160D32E002970E9 /* Foundation+Extension.swift in Sources */ = {isa = PBXBuildFile; fileRef = BF051AB12160D32E002970E9 /* Foundation+Extension.swift */; };
		BF051AC12160D32E002970E9 /* UIKit+Tools.swift in Sources */ = {isa = PBXBuildFile; fileRef = BF051AB22160D32E002970E9 /* UIKit+Tools.swift */; };
		BF051AC22160D32E002970E9 /* CRVerificationCodeView.swift in Sources */ = {isa = PBXBuildFile; fileRef = BF051AB42160D32E002970E9 /* CRVerificationCodeView.swift */; };
		BF051AC32160D32E002970E9 /* CRPasswordView.swift in Sources */ = {isa = PBXBuildFile; fileRef = BF051AB52160D32E002970E9 /* CRPasswordView.swift */; };
		BF051AC42160D32E002970E9 /* CRRegularTools.swift in Sources */ = {isa = PBXBuildFile; fileRef = BF051AB72160D32E002970E9 /* CRRegularTools.swift */; };
		BF051AC52160D32E002970E9 /* CRStaticTableViewItemModel.swift in Sources */ = {isa = PBXBuildFile; fileRef = BF051AB92160D32E002970E9 /* CRStaticTableViewItemModel.swift */; };
		BF051AC62160D32E002970E9 /* CRStaticTableViewCell.swift in Sources */ = {isa = PBXBuildFile; fileRef = BF051ABA2160D32E002970E9 /* CRStaticTableViewCell.swift */; };
		BF051AC72160D32E002970E9 /* cr_icon_arrow@2x.png in Resources */ = {isa = PBXBuildFile; fileRef = BF051ABC2160D32E002970E9 /* cr_icon_arrow@2x.png */; };
		BF051AC82160D32E002970E9 /* CRCustomAlertTools.swift in Sources */ = {isa = PBXBuildFile; fileRef = BF051ABE2160D32E002970E9 /* CRCustomAlertTools.swift */; };
/* End PBXBuildFile section */

/* Begin PBXContainerItemProxy section */
		BF051AA02160D314002970E9 /* PBXContainerItemProxy */ = {
			isa = PBXContainerItemProxy;
			containerPortal = BF051A8C2160D314002970E9 /* Project object */;
			proxyType = 1;
			remoteGlobalIDString = BF051A942160D314002970E9;
			remoteInfo = CRTools;
		};
/* End PBXContainerItemProxy section */

/* Begin PBXFileReference section */
		BF051A952160D314002970E9 /* CRTools.framework */ = {isa = PBXFileReference; explicitFileType = wrapper.framework; includeInIndex = 0; path = CRTools.framework; sourceTree = BUILT_PRODUCTS_DIR; };
		BF051A982160D314002970E9 /* CRTools.h */ = {isa = PBXFileReference; lastKnownFileType = sourcecode.c.h; path = CRTools.h; sourceTree = "<group>"; };
		BF051A992160D314002970E9 /* Info.plist */ = {isa = PBXFileReference; lastKnownFileType = text.plist.xml; path = Info.plist; sourceTree = "<group>"; };
		BF051A9E2160D314002970E9 /* CRToolsTests.xctest */ = {isa = PBXFileReference; explicitFileType = wrapper.cfbundle; includeInIndex = 0; path = CRToolsTests.xctest; sourceTree = BUILT_PRODUCTS_DIR; };
		BF051AA32160D314002970E9 /* CRToolsTests.swift */ = {isa = PBXFileReference; lastKnownFileType = sourcecode.swift; path = CRToolsTests.swift; sourceTree = "<group>"; };
		BF051AA52160D314002970E9 /* Info.plist */ = {isa = PBXFileReference; lastKnownFileType = text.plist.xml; path = Info.plist; sourceTree = "<group>"; };
		BF051AB02160D32E002970E9 /* UIKit+Extension.swift */ = {isa = PBXFileReference; fileEncoding = 4; lastKnownFileType = sourcecode.swift; path = "UIKit+Extension.swift"; sourceTree = "<group>"; };
		BF051AB12160D32E002970E9 /* Foundation+Extension.swift */ = {isa = PBXFileReference; fileEncoding = 4; lastKnownFileType = sourcecode.swift; path = "Foundation+Extension.swift"; sourceTree = "<group>"; };
		BF051AB22160D32E002970E9 /* UIKit+Tools.swift */ = {isa = PBXFileReference; fileEncoding = 4; lastKnownFileType = sourcecode.swift; path = "UIKit+Tools.swift"; sourceTree = "<group>"; };
		BF051AB42160D32E002970E9 /* CRVerificationCodeView.swift */ = {isa = PBXFileReference; fileEncoding = 4; lastKnownFileType = sourcecode.swift; path = CRVerificationCodeView.swift; sourceTree = "<group>"; };
		BF051AB52160D32E002970E9 /* CRPasswordView.swift */ = {isa = PBXFileReference; fileEncoding = 4; lastKnownFileType = sourcecode.swift; path = CRPasswordView.swift; sourceTree = "<group>"; };
		BF051AB72160D32E002970E9 /* CRRegularTools.swift */ = {isa = PBXFileReference; fileEncoding = 4; lastKnownFileType = sourcecode.swift; path = CRRegularTools.swift; sourceTree = "<group>"; };
		BF051AB92160D32E002970E9 /* CRStaticTableViewItemModel.swift */ = {isa = PBXFileReference; fileEncoding = 4; lastKnownFileType = sourcecode.swift; path = CRStaticTableViewItemModel.swift; sourceTree = "<group>"; };
		BF051ABA2160D32E002970E9 /* CRStaticTableViewCell.swift */ = {isa = PBXFileReference; fileEncoding = 4; lastKnownFileType = sourcecode.swift; path = CRStaticTableViewCell.swift; sourceTree = "<group>"; };
		BF051ABC2160D32E002970E9 /* cr_icon_arrow@2x.png */ = {isa = PBXFileReference; lastKnownFileType = image.png; path = "cr_icon_arrow@2x.png"; sourceTree = "<group>"; };
		BF051ABE2160D32E002970E9 /* CRCustomAlertTools.swift */ = {isa = PBXFileReference; fileEncoding = 4; lastKnownFileType = sourcecode.swift; path = CRCustomAlertTools.swift; sourceTree = "<group>"; };
/* End PBXFileReference section */

/* Begin PBXFrameworksBuildPhase section */
		BF051A922160D314002970E9 /* Frameworks */ = {
			isa = PBXFrameworksBuildPhase;
			buildActionMask = 2147483647;
			files = (
			);
			runOnlyForDeploymentPostprocessing = 0;
		};
		BF051A9B2160D314002970E9 /* Frameworks */ = {
			isa = PBXFrameworksBuildPhase;
			buildActionMask = 2147483647;
			files = (
				BF051A9F2160D314002970E9 /* CRTools.framework in Frameworks */,
			);
			runOnlyForDeploymentPostprocessing = 0;
		};
/* End PBXFrameworksBuildPhase section */

/* Begin PBXGroup section */
		BF051A8B2160D314002970E9 = {
			isa = PBXGroup;
			children = (
				BF051A972160D314002970E9 /* CRTools */,
				BF051AA22160D314002970E9 /* CRToolsTests */,
				BF051A962160D314002970E9 /* Products */,
			);
			sourceTree = "<group>";
		};
		BF051A962160D314002970E9 /* Products */ = {
			isa = PBXGroup;
			children = (
				BF051A952160D314002970E9 /* CRTools.framework */,
				BF051A9E2160D314002970E9 /* CRToolsTests.xctest */,
			);
			name = Products;
			sourceTree = "<group>";
		};
		BF051A972160D314002970E9 /* CRTools */ = {
			isa = PBXGroup;
			children = (
				BF051ABD2160D32E002970E9 /* CRCustomAlertTools */,
				BF051AAF2160D32E002970E9 /* CRExtension */,
				BF051AB32160D32E002970E9 /* CRInputTools */,
				BF051AB62160D32E002970E9 /* CRRegularTools */,
				BF051AB82160D32E002970E9 /* CRStaticTableViewTools */,
				BF051A982160D314002970E9 /* CRTools.h */,
				BF051A992160D314002970E9 /* Info.plist */,
			);
			path = CRTools;
			sourceTree = "<group>";
		};
		BF051AA22160D314002970E9 /* CRToolsTests */ = {
			isa = PBXGroup;
			children = (
				BF051AA32160D314002970E9 /* CRToolsTests.swift */,
				BF051AA52160D314002970E9 /* Info.plist */,
			);
			path = CRToolsTests;
			sourceTree = "<group>";
		};
		BF051AAF2160D32E002970E9 /* CRExtension */ = {
			isa = PBXGroup;
			children = (
				BF051AB02160D32E002970E9 /* UIKit+Extension.swift */,
				BF051AB12160D32E002970E9 /* Foundation+Extension.swift */,
				BF051AB22160D32E002970E9 /* UIKit+Tools.swift */,
			);
			path = CRExtension;
			sourceTree = "<group>";
		};
		BF051AB32160D32E002970E9 /* CRInputTools */ = {
			isa = PBXGroup;
			children = (
				BF051AB42160D32E002970E9 /* CRVerificationCodeView.swift */,
				BF051AB52160D32E002970E9 /* CRPasswordView.swift */,
			);
			path = CRInputTools;
			sourceTree = "<group>";
		};
		BF051AB62160D32E002970E9 /* CRRegularTools */ = {
			isa = PBXGroup;
			children = (
				BF051AB72160D32E002970E9 /* CRRegularTools.swift */,
			);
			path = CRRegularTools;
			sourceTree = "<group>";
		};
		BF051AB82160D32E002970E9 /* CRStaticTableViewTools */ = {
			isa = PBXGroup;
			children = (
				BF051AB92160D32E002970E9 /* CRStaticTableViewItemModel.swift */,
				BF051ABA2160D32E002970E9 /* CRStaticTableViewCell.swift */,
				BF051ABB2160D32E002970E9 /* Resource */,
			);
			path = CRStaticTableViewTools;
			sourceTree = "<group>";
		};
		BF051ABB2160D32E002970E9 /* Resource */ = {
			isa = PBXGroup;
			children = (
				BF051ABC2160D32E002970E9 /* cr_icon_arrow@2x.png */,
			);
			path = Resource;
			sourceTree = "<group>";
		};
		BF051ABD2160D32E002970E9 /* CRCustomAlertTools */ = {
			isa = PBXGroup;
			children = (
				BF051ABE2160D32E002970E9 /* CRCustomAlertTools.swift */,
			);
			path = CRCustomAlertTools;
			sourceTree = "<group>";
		};
/* End PBXGroup section */

/* Begin PBXHeadersBuildPhase section */
		BF051A902160D314002970E9 /* Headers */ = {
			isa = PBXHeadersBuildPhase;
			buildActionMask = 2147483647;
			files = (
				BF051AA62160D314002970E9 /* CRTools.h in Headers */,
			);
			runOnlyForDeploymentPostprocessing = 0;
		};
/* End PBXHeadersBuildPhase section */

/* Begin PBXNativeTarget section */
		BF051A942160D314002970E9 /* CRTools */ = {
			isa = PBXNativeTarget;
			buildConfigurationList = BF051AA92160D314002970E9 /* Build configuration list for PBXNativeTarget "CRTools" */;
			buildPhases = (
				BF051A902160D314002970E9 /* Headers */,
				BF051A912160D314002970E9 /* Sources */,
				BF051A922160D314002970E9 /* Frameworks */,
				BF051A932160D314002970E9 /* Resources */,
			);
			buildRules = (
			);
			dependencies = (
			);
			name = CRTools;
			productName = CRTools;
			productReference = BF051A952160D314002970E9 /* CRTools.framework */;
			productType = "com.apple.product-type.framework";
		};
		BF051A9D2160D314002970E9 /* CRToolsTests */ = {
			isa = PBXNativeTarget;
			buildConfigurationList = BF051AAC2160D314002970E9 /* Build configuration list for PBXNativeTarget "CRToolsTests" */;
			buildPhases = (
				BF051A9A2160D314002970E9 /* Sources */,
				BF051A9B2160D314002970E9 /* Frameworks */,
				BF051A9C2160D314002970E9 /* Resources */,
			);
			buildRules = (
			);
			dependencies = (
				BF051AA12160D314002970E9 /* PBXTargetDependency */,
			);
			name = CRToolsTests;
			productName = CRToolsTests;
			productReference = BF051A9E2160D314002970E9 /* CRToolsTests.xctest */;
			productType = "com.apple.product-type.bundle.unit-test";
		};
/* End PBXNativeTarget section */

/* Begin PBXProject section */
		BF051A8C2160D314002970E9 /* Project object */ = {
			isa = PBXProject;
			attributes = {
				LastSwiftUpdateCheck = 1000;
				LastUpgradeCheck = 1000;
				ORGANIZATIONNAME = "超人";
				TargetAttributes = {
					BF051A942160D314002970E9 = {
						CreatedOnToolsVersion = 10.0;
						LastSwiftMigration = 1000;
					};
					BF051A9D2160D314002970E9 = {
						CreatedOnToolsVersion = 10.0;
					};
				};
			};
			buildConfigurationList = BF051A8F2160D314002970E9 /* Build configuration list for PBXProject "CRTools" */;
			compatibilityVersion = "Xcode 9.3";
			developmentRegion = en;
			hasScannedForEncodings = 0;
			knownRegions = (
				en,
			);
			mainGroup = BF051A8B2160D314002970E9;
			productRefGroup = BF051A962160D314002970E9 /* Products */;
			projectDirPath = "";
			projectRoot = "";
			targets = (
				BF051A942160D314002970E9 /* CRTools */,
				BF051A9D2160D314002970E9 /* CRToolsTests */,
			);
		};
/* End PBXProject section */

/* Begin PBXResourcesBuildPhase section */
		BF051A932160D314002970E9 /* Resources */ = {
			isa = PBXResourcesBuildPhase;
			buildActionMask = 2147483647;
			files = (
				BF051AC72160D32E002970E9 /* cr_icon_arrow@2x.png in Resources */,
			);
			runOnlyForDeploymentPostprocessing = 0;
		};
		BF051A9C2160D314002970E9 /* Resources */ = {
			isa = PBXResourcesBuildPhase;
			buildActionMask = 2147483647;
			files = (
			);
			runOnlyForDeploymentPostprocessing = 0;
		};
/* End PBXResourcesBuildPhase section */

/* Begin PBXSourcesBuildPhase section */
		BF051A912160D314002970E9 /* Sources */ = {
			isa = PBXSourcesBuildPhase;
			buildActionMask = 2147483647;
			files = (
				BF051AC12160D32E002970E9 /* UIKit+Tools.swift in Sources */,
				BF051AC82160D32E002970E9 /* CRCustomAlertTools.swift in Sources */,
				BF051AC42160D32E002970E9 /* CRRegularTools.swift in Sources */,
				BF051AC32160D32E002970E9 /* CRPasswordView.swift in Sources */,
				BF051AC52160D32E002970E9 /* CRStaticTableViewItemModel.swift in Sources */,
				BF051AC22160D32E002970E9 /* CRVerificationCodeView.swift in Sources */,
				BF051AC02160D32E002970E9 /* Foundation+Extension.swift in Sources */,
				BF051AC62160D32E002970E9 /* CRStaticTableViewCell.swift in Sources */,
				BF051ABF2160D32E002970E9 /* UIKit+Extension.swift in Sources */,
			);
			runOnlyForDeploymentPostprocessing = 0;
		};
		BF051A9A2160D314002970E9 /* Sources */ = {
			isa = PBXSourcesBuildPhase;
			buildActionMask = 2147483647;
			files = (
				BF051AA42160D314002970E9 /* CRToolsTests.swift in Sources */,
			);
			runOnlyForDeploymentPostprocessing = 0;
		};
/* End PBXSourcesBuildPhase section */

/* Begin PBXTargetDependency section */
		BF051AA12160D314002970E9 /* PBXTargetDependency */ = {
			isa = PBXTargetDependency;
			target = BF051A942160D314002970E9 /* CRTools */;
			targetProxy = BF051AA02160D314002970E9 /* PBXContainerItemProxy */;
		};
/* End PBXTargetDependency section */

/* Begin XCBuildConfiguration section */
		BF051AA72160D314002970E9 /* Debug */ = {
			isa = XCBuildConfiguration;
			buildSettings = {
				ALWAYS_SEARCH_USER_PATHS = NO;
				CLANG_ANALYZER_NONNULL = YES;
				CLANG_ANALYZER_NUMBER_OBJECT_CONVERSION = YES_AGGRESSIVE;
				CLANG_CXX_LANGUAGE_STANDARD = "gnu++14";
				CLANG_CXX_LIBRARY = "libc++";
				CLANG_ENABLE_MODULES = YES;
				CLANG_ENABLE_OBJC_ARC = YES;
				CLANG_ENABLE_OBJC_WEAK = YES;
				CLANG_WARN_BLOCK_CAPTURE_AUTORELEASING = YES;
				CLANG_WARN_BOOL_CONVERSION = YES;
				CLANG_WARN_COMMA = YES;
				CLANG_WARN_CONSTANT_CONVERSION = YES;
				CLANG_WARN_DEPRECATED_OBJC_IMPLEMENTATIONS = YES;
				CLANG_WARN_DIRECT_OBJC_ISA_USAGE = YES_ERROR;
				CLANG_WARN_DOCUMENTATION_COMMENTS = YES;
				CLANG_WARN_EMPTY_BODY = YES;
				CLANG_WARN_ENUM_CONVERSION = YES;
				CLANG_WARN_INFINITE_RECURSION = YES;
				CLANG_WARN_INT_CONVERSION = YES;
				CLANG_WARN_NON_LITERAL_NULL_CONVERSION = YES;
				CLANG_WARN_OBJC_IMPLICIT_RETAIN_SELF = YES;
				CLANG_WARN_OBJC_LITERAL_CONVERSION = YES;
				CLANG_WARN_OBJC_ROOT_CLASS = YES_ERROR;
				CLANG_WARN_RANGE_LOOP_ANALYSIS = YES;
				CLANG_WARN_STRICT_PROTOTYPES = YES;
				CLANG_WARN_SUSPICIOUS_MOVE = YES;
				CLANG_WARN_UNGUARDED_AVAILABILITY = YES_AGGRESSIVE;
				CLANG_WARN_UNREACHABLE_CODE = YES;
				CLANG_WARN__DUPLICATE_METHOD_MATCH = YES;
				CODE_SIGN_IDENTITY = "iPhone Developer";
				COPY_PHASE_STRIP = NO;
				CURRENT_PROJECT_VERSION = 1;
				DEBUG_INFORMATION_FORMAT = dwarf;
				ENABLE_STRICT_OBJC_MSGSEND = YES;
				ENABLE_TESTABILITY = YES;
				GCC_C_LANGUAGE_STANDARD = gnu11;
				GCC_DYNAMIC_NO_PIC = NO;
				GCC_NO_COMMON_BLOCKS = YES;
				GCC_OPTIMIZATION_LEVEL = 0;
				GCC_PREPROCESSOR_DEFINITIONS = (
					"DEBUG=1",
					"$(inherited)",
				);
				GCC_WARN_64_TO_32_BIT_CONVERSION = YES;
				GCC_WARN_ABOUT_RETURN_TYPE = YES_ERROR;
				GCC_WARN_UNDECLARED_SELECTOR = YES;
				GCC_WARN_UNINITIALIZED_AUTOS = YES_AGGRESSIVE;
				GCC_WARN_UNUSED_FUNCTION = YES;
				GCC_WARN_UNUSED_VARIABLE = YES;
				IPHONEOS_DEPLOYMENT_TARGET = 12.0;
				MTL_ENABLE_DEBUG_INFO = INCLUDE_SOURCE;
				MTL_FAST_MATH = YES;
				ONLY_ACTIVE_ARCH = YES;
				SDKROOT = iphoneos;
				SWIFT_ACTIVE_COMPILATION_CONDITIONS = DEBUG;
				SWIFT_OPTIMIZATION_LEVEL = "-Onone";
				VERSIONING_SYSTEM = "apple-generic";
				VERSION_INFO_PREFIX = "";
			};
			name = Debug;
		};
		BF051AA82160D314002970E9 /* Release */ = {
			isa = XCBuildConfiguration;
			buildSettings = {
				ALWAYS_SEARCH_USER_PATHS = NO;
				CLANG_ANALYZER_NONNULL = YES;
				CLANG_ANALYZER_NUMBER_OBJECT_CONVERSION = YES_AGGRESSIVE;
				CLANG_CXX_LANGUAGE_STANDARD = "gnu++14";
				CLANG_CXX_LIBRARY = "libc++";
				CLANG_ENABLE_MODULES = YES;
				CLANG_ENABLE_OBJC_ARC = YES;
				CLANG_ENABLE_OBJC_WEAK = YES;
				CLANG_WARN_BLOCK_CAPTURE_AUTORELEASING = YES;
				CLANG_WARN_BOOL_CONVERSION = YES;
				CLANG_WARN_COMMA = YES;
				CLANG_WARN_CONSTANT_CONVERSION = YES;
				CLANG_WARN_DEPRECATED_OBJC_IMPLEMENTATIONS = YES;
				CLANG_WARN_DIRECT_OBJC_ISA_USAGE = YES_ERROR;
				CLANG_WARN_DOCUMENTATION_COMMENTS = YES;
				CLANG_WARN_EMPTY_BODY = YES;
				CLANG_WARN_ENUM_CONVERSION = YES;
				CLANG_WARN_INFINITE_RECURSION = YES;
				CLANG_WARN_INT_CONVERSION = YES;
				CLANG_WARN_NON_LITERAL_NULL_CONVERSION = YES;
				CLANG_WARN_OBJC_IMPLICIT_RETAIN_SELF = YES;
				CLANG_WARN_OBJC_LITERAL_CONVERSION = YES;
				CLANG_WARN_OBJC_ROOT_CLASS = YES_ERROR;
				CLANG_WARN_RANGE_LOOP_ANALYSIS = YES;
				CLANG_WARN_STRICT_PROTOTYPES = YES;
				CLANG_WARN_SUSPICIOUS_MOVE = YES;
				CLANG_WARN_UNGUARDED_AVAILABILITY = YES_AGGRESSIVE;
				CLANG_WARN_UNREACHABLE_CODE = YES;
				CLANG_WARN__DUPLICATE_METHOD_MATCH = YES;
				CODE_SIGN_IDENTITY = "iPhone Developer";
				COPY_PHASE_STRIP = NO;
				CURRENT_PROJECT_VERSION = 1;
				DEBUG_INFORMATION_FORMAT = "dwarf-with-dsym";
				ENABLE_NS_ASSERTIONS = NO;
				ENABLE_STRICT_OBJC_MSGSEND = YES;
				GCC_C_LANGUAGE_STANDARD = gnu11;
				GCC_NO_COMMON_BLOCKS = YES;
				GCC_WARN_64_TO_32_BIT_CONVERSION = YES;
				GCC_WARN_ABOUT_RETURN_TYPE = YES_ERROR;
				GCC_WARN_UNDECLARED_SELECTOR = YES;
				GCC_WARN_UNINITIALIZED_AUTOS = YES_AGGRESSIVE;
				GCC_WARN_UNUSED_FUNCTION = YES;
				GCC_WARN_UNUSED_VARIABLE = YES;
				IPHONEOS_DEPLOYMENT_TARGET = 12.0;
				MTL_ENABLE_DEBUG_INFO = NO;
				MTL_FAST_MATH = YES;
				SDKROOT = iphoneos;
				SWIFT_COMPILATION_MODE = wholemodule;
				SWIFT_OPTIMIZATION_LEVEL = "-O";
				VALIDATE_PRODUCT = YES;
				VERSIONING_SYSTEM = "apple-generic";
				VERSION_INFO_PREFIX = "";
			};
			name = Release;
		};
		BF051AAA2160D314002970E9 /* Debug */ = {
			isa = XCBuildConfiguration;
			buildSettings = {
				CODE_SIGN_IDENTITY = "";
				CODE_SIGN_STYLE = Automatic;
				DEFINES_MODULE = YES;
				DEVELOPMENT_TEAM = 6LW38YBS3Q;
				DYLIB_COMPATIBILITY_VERSION = 1;
				DYLIB_CURRENT_VERSION = 1;
				DYLIB_INSTALL_NAME_BASE = "@rpath";
				INFOPLIST_FILE = CRTools/Info.plist;
				INSTALL_PATH = "$(LOCAL_LIBRARY_DIR)/Frameworks";
				IPHONEOS_DEPLOYMENT_TARGET = 9.0;
				LD_RUNPATH_SEARCH_PATHS = (
					"$(inherited)",
					"@executable_path/Frameworks",
					"@loader_path/Frameworks",
				);
				PRODUCT_BUNDLE_IDENTIFIER = cn.crios.CRTools;
				PRODUCT_NAME = "$(TARGET_NAME:c99extidentifier)";
				SKIP_INSTALL = YES;
				SWIFT_VERSION = 4.0;
				TARGETED_DEVICE_FAMILY = 1;
			};
			name = Debug;
		};
		BF051AAB2160D314002970E9 /* Release */ = {
			isa = XCBuildConfiguration;
			buildSettings = {
				CODE_SIGN_IDENTITY = "";
				CODE_SIGN_STYLE = Automatic;
				DEFINES_MODULE = YES;
				DEVELOPMENT_TEAM = 6LW38YBS3Q;
				DYLIB_COMPATIBILITY_VERSION = 1;
				DYLIB_CURRENT_VERSION = 1;
				DYLIB_INSTALL_NAME_BASE = "@rpath";
				INFOPLIST_FILE = CRTools/Info.plist;
				INSTALL_PATH = "$(LOCAL_LIBRARY_DIR)/Frameworks";
				IPHONEOS_DEPLOYMENT_TARGET = 9.0;
				LD_RUNPATH_SEARCH_PATHS = (
					"$(inherited)",
					"@executable_path/Frameworks",
					"@loader_path/Frameworks",
				);
				PRODUCT_BUNDLE_IDENTIFIER = cn.crios.CRTools;
				PRODUCT_NAME = "$(TARGET_NAME:c99extidentifier)";
				SKIP_INSTALL = YES;
				SWIFT_VERSION = 4.0;
				TARGETED_DEVICE_FAMILY = 1;
			};
			name = Release;
		};
		BF051AAD2160D314002970E9 /* Debug */ = {
			isa = XCBuildConfiguration;
			buildSettings = {
				ALWAYS_EMBED_SWIFT_STANDARD_LIBRARIES = YES;
				CODE_SIGN_STYLE = Automatic;
				DEVELOPMENT_TEAM = 6LW38YBS3Q;
				INFOPLIST_FILE = CRToolsTests/Info.plist;
				LD_RUNPATH_SEARCH_PATHS = (
					"$(inherited)",
					"@executable_path/Frameworks",
					"@loader_path/Frameworks",
				);
				PRODUCT_BUNDLE_IDENTIFIER = cn.crios.CRToolsTests;
				PRODUCT_NAME = "$(TARGET_NAME)";
				SWIFT_VERSION = 4.2;
				TARGETED_DEVICE_FAMILY = "1,2";
			};
			name = Debug;
		};
		BF051AAE2160D314002970E9 /* Release */ = {
			isa = XCBuildConfiguration;
			buildSettings = {
				ALWAYS_EMBED_SWIFT_STANDARD_LIBRARIES = YES;
				CODE_SIGN_STYLE = Automatic;
				DEVELOPMENT_TEAM = 6LW38YBS3Q;
				INFOPLIST_FILE = CRToolsTests/Info.plist;
				LD_RUNPATH_SEARCH_PATHS = (
					"$(inherited)",
					"@executable_path/Frameworks",
					"@loader_path/Frameworks",
				);
				PRODUCT_BUNDLE_IDENTIFIER = cn.crios.CRToolsTests;
				PRODUCT_NAME = "$(TARGET_NAME)";
				SWIFT_VERSION = 4.2;
				TARGETED_DEVICE_FAMILY = "1,2";
			};
			name = Release;
		};
/* End XCBuildConfiguration section */

/* Begin XCConfigurationList section */
		BF051A8F2160D314002970E9 /* Build configuration list for PBXProject "CRTools" */ = {
			isa = XCConfigurationList;
			buildConfigurations = (
				BF051AA72160D314002970E9 /* Debug */,
				BF051AA82160D314002970E9 /* Release */,
			);
			defaultConfigurationIsVisible = 0;
			defaultConfigurationName = Release;
		};
		BF051AA92160D314002970E9 /* Build configuration list for PBXNativeTarget "CRTools" */ = {
			isa = XCConfigurationList;
			buildConfigurations = (
				BF051AAA2160D314002970E9 /* Debug */,
				BF051AAB2160D314002970E9 /* Release */,
			);
			defaultConfigurationIsVisible = 0;
			defaultConfigurationName = Release;
		};
		BF051AAC2160D314002970E9 /* Build configuration list for PBXNativeTarget "CRToolsTests" */ = {
			isa = XCConfigurationList;
			buildConfigurations = (
				BF051AAD2160D314002970E9 /* Debug */,
				BF051AAE2160D314002970E9 /* Release */,
			);
			defaultConfigurationIsVisible = 0;
			defaultConfigurationName = Release;
		};
/* End XCConfigurationList section */
	};
	rootObject = BF051A8C2160D314002970E9 /* Project object */;
}
